
Microsoft Visual Studio Solution File, Format Version 12.00
# Visual Studio Version 17
VisualStudioVersion = 17.10.34916.146
MinimumVisualStudioVersion = 10.0.40219.1
Project("{FAE04EC0-301F-11D3-BF4B-00C04F79EFBC}") = "Demo", "Demo\Demo.csproj", "{B7151DDD-8C51-4162-9C83-969D6A235C60}"
EndProject
Global
	GlobalSection(SolutionConfigurationPlatforms) = preSolution
		Debug|Any CPU = Debug|Any CPU
		Release|Any CPU = Release|Any CPU
	EndGlobalSection
	GlobalSection(ProjectConfigurationPlatforms) = postSolution
		{B7151DDD-8C51-4162-9C83-969D6A235C60}.Debug|Any CPU.ActiveCfg = Debug|Any CPU
		{B7151DDD-8C51-4162-9C83-969D6A235C60}.Debug|Any CPU.Build.0 = Debug|Any CPU
		{B7151DDD-8C51-4162-9C83-969D6A235C60}.Release|Any CPU.ActiveCfg = Release|Any CPU
		{B7151DDD-8C51-4162-9C83-969D6A235C60}.Release|Any CPU.Build.0 = Release|Any CPU
	EndGlobalSection
	GlobalSection(SolutionProperties) = preSolution
		HideSolutionNode = FALSE
	EndGlobalSection
	GlobalSection(ExtensibilityGlobals) = postSolution
		SolutionGuid = {1D3897AB-C6E6-4751-9DB7-316988AECD56}
	EndGlobalSection
EndGlobal
